{
  "name": "lunch",
  "version": "1.0.0",
  "lockfileVersion": 1,
  "requires": true,
  "dependencies": {
    "emojis.css": {
      "version": "1.0.1",
      "resolved": "https://registry.npmjs.org/emojis.css/-/emojis.css-1.0.1.tgz",
      "integrity": "sha512-VZntOH1yYkk48dEHzie8gV0hiXg6Wg4UwEubIenlFWqPNXGeCdOiDcQHKkI1X6lS1nHF/gBWiyjsm1e/+IJlbg=="
    }
  }
}
